// !$*UTF8*$!
{
	archiveVersion = 1;
	classes = {
	};
	objectVersion = 50;
	objects = {

/* Begin PBXBuildFile section */
		87026A8721A2F22600943E44 /* TableViewCell.swift in Sources */ = {isa = PBXBuildFile; fileRef = 87026A8621A2F22600943E44 /* TableViewCell.swift */; };
		877293B921A50ECB004E487A /* DataServices.swift in Sources */ = {isa = PBXBuildFile; fileRef = 877293B821A50ECB004E487A /* DataServices.swift */; };
		877978EC21B49EBB002113B4 /* Reachability.swift in Sources */ = {isa = PBXBuildFile; fileRef = 877978EB21B49EBB002113B4 /* Reachability.swift */; };
		8783045D21A7A673009841C3 /* WebViewController.swift in Sources */ = {isa = PBXBuildFile; fileRef = 8783045C21A7A673009841C3 /* WebViewController.swift */; };
		87933AB9219BC66B00F3C7E9 /* AppDelegate.swift in Sources */ = {isa = PBXBuildFile; fileRef = 87933AB8219BC66B00F3C7E9 /* AppDelegate.swift */; };
		87933ABE219BC66B00F3C7E9 /* Main.storyboard in Resources */ = {isa = PBXBuildFile; fileRef = 87933ABC219BC66B00F3C7E9 /* Main.storyboard */; };
		87933AC1219BC66B00F3C7E9 /* QuakeReport.xcdatamodeld in Sources */ = {isa = PBXBuildFile; fileRef = 87933ABF219BC66B00F3C7E9 /* QuakeReport.xcdatamodeld */; };
		87933AC3219BC66D00F3C7E9 /* Assets.xcassets in Resources */ = {isa = PBXBuildFile; fileRef = 87933AC2219BC66D00F3C7E9 /* Assets.xcassets */; };
		87933AC6219BC66D00F3C7E9 /* LaunchScreen.storyboard in Resources */ = {isa = PBXBuildFile; fileRef = 87933AC4219BC66D00F3C7E9 /* LaunchScreen.storyboard */; };
		87933ACE219BC6FC00F3C7E9 /* TableViewController.swift in Sources */ = {isa = PBXBuildFile; fileRef = 87933ACD219BC6FC00F3C7E9 /* TableViewController.swift */; };
		87933AD0219BCB8200F3C7E9 /* DataModel.swift in Sources */ = {isa = PBXBuildFile; fileRef = 87933ACF219BCB8200F3C7E9 /* DataModel.swift */; };
		87B3B7A621ACE04C00768D0A /* DetailTableViewController.swift in Sources */ = {isa = PBXBuildFile; fileRef = 87B3B7A521ACE04C00768D0A /* DetailTableViewController.swift */; };
/* End PBXBuildFile section */

/* Begin PBXFileReference section */
		87026A8621A2F22600943E44 /* TableViewCell.swift */ = {isa = PBXFileReference; lastKnownFileType = sourcecode.swift; path = TableViewCell.swift; sourceTree = "<group>"; };
		877293B821A50ECB004E487A /* DataServices.swift */ = {isa = PBXFileReference; lastKnownFileType = sourcecode.swift; path = DataServices.swift; sourceTree = "<group>"; };
		877978EB21B49EBB002113B4 /* Reachability.swift */ = {isa = PBXFileReference; lastKnownFileType = sourcecode.swift; path = Reachability.swift; sourceTree = "<group>"; };
		8783045C21A7A673009841C3 /* WebViewController.swift */ = {isa = PBXFileReference; lastKnownFileType = sourcecode.swift; path = WebViewController.swift; sourceTree = "<group>"; };
		87933AB5219BC66A00F3C7E9 /* QuakeReport.app */ = {isa = PBXFileReference; explicitFileType = wrapper.application; includeInIndex = 0; path = QuakeReport.app; sourceTree = BUILT_PRODUCTS_DIR; };
		87933AB8219BC66B00F3C7E9 /* AppDelegate.swift */ = {isa = PBXFileReference; lastKnownFileType = sourcecode.swift; path = AppDelegate.swift; sourceTree = "<group>"; };
		87933ABD219BC66B00F3C7E9 /* Base */ = {isa = PBXFileReference; lastKnownFileType = file.storyboard; name = Base; path = Base.lproj/Main.storyboard; sourceTree = "<group>"; };
		87933AC0219BC66B00F3C7E9 /* QuakeReport.xcdatamodel */ = {isa = PBXFileReference; lastKnownFileType = wrapper.xcdatamodel; path = QuakeReport.xcdatamodel; sourceTree = "<group>"; };
		87933AC2219BC66D00F3C7E9 /* Assets.xcassets */ = {isa = PBXFileReference; lastKnownFileType = folder.assetcatalog; path = Assets.xcassets; sourceTree = "<group>"; };
		87933AC5219BC66D00F3C7E9 /* Base */ = {isa = PBXFileReference; lastKnownFileType = file.storyboard; name = Base; path = Base.lproj/LaunchScreen.storyboard; sourceTree = "<group>"; };
		87933AC7219BC66D00F3C7E9 /* Info.plist */ = {isa = PBXFileReference; lastKnownFileType = text.plist.xml; path = Info.plist; sourceTree = "<group>"; };
		87933ACD219BC6FC00F3C7E9 /* TableViewController.swift */ = {isa = PBXFileReference; lastKnownFileType = sourcecode.swift; path = TableViewController.swift; sourceTree = "<group>"; };
		87933ACF219BCB8200F3C7E9 /* DataModel.swift */ = {isa = PBXFileReference; lastKnownFileType = sourcecode.swift; path = DataModel.swift; sourceTree = "<group>"; };
		87B3B7A521ACE04C00768D0A /* DetailTableViewController.swift */ = {isa = PBXFileReference; lastKnownFileType = sourcecode.swift; path = DetailTableViewController.swift; sourceTree = "<group>"; };
/* End PBXFileReference section */

/* Begin PBXFrameworksBuildPhase section */
		87933AB2219BC66A00F3C7E9 /* Frameworks */ = {
			isa = PBXFrameworksBuildPhase;
			buildActionMask = 2147483647;
			files = (
			);
			runOnlyForDeploymentPostprocessing = 0;
		};
/* End PBXFrameworksBuildPhase section */

/* Begin PBXGroup section */
		8783045921A7A3A2009841C3 /* Model */ = {
			isa = PBXGroup;
			children = (
				877293B821A50ECB004E487A /* DataServices.swift */,
				87933ACF219BCB8200F3C7E9 /* DataModel.swift */,
			);
			path = Model;
			sourceTree = "<group>";
		};
		8783045A21A7A3C9009841C3 /* View */ = {
			isa = PBXGroup;
			children = (
				87026A8621A2F22600943E44 /* TableViewCell.swift */,
				87933ABC219BC66B00F3C7E9 /* Main.storyboard */,
			);
			path = View;
			sourceTree = "<group>";
		};
		8783045B21A7A3E3009841C3 /* Controll */ = {
			isa = PBXGroup;
			children = (
				87933ACD219BC6FC00F3C7E9 /* TableViewController.swift */,
				8783045C21A7A673009841C3 /* WebViewController.swift */,
				87B3B7A521ACE04C00768D0A /* DetailTableViewController.swift */,
				877978EB21B49EBB002113B4 /* Reachability.swift */,
			);
			path = Controll;
			sourceTree = "<group>";
		};
		87933AAC219BC66A00F3C7E9 = {
			isa = PBXGroup;
			children = (
				87933AB7219BC66A00F3C7E9 /* QuakeReport */,
				87933AB6219BC66A00F3C7E9 /* Products */,
			);
			sourceTree = "<group>";
		};
		87933AB6219BC66A00F3C7E9 /* Products */ = {
			isa = PBXGroup;
			children = (
				87933AB5219BC66A00F3C7E9 /* QuakeReport.app */,
			);
			name = Products;
			sourceTree = "<group>";
		};
		87933AB7219BC66A00F3C7E9 /* QuakeReport */ = {
			isa = PBXGroup;
			children = (
				87933AB8219BC66B00F3C7E9 /* AppDelegate.swift */,
				8783045B21A7A3E3009841C3 /* Controll */,
				8783045A21A7A3C9009841C3 /* View */,
				8783045921A7A3A2009841C3 /* Model */,
				87933AC2219BC66D00F3C7E9 /* Assets.xcassets */,
				87933AC4219BC66D00F3C7E9 /* LaunchScreen.storyboard */,
				87933AC7219BC66D00F3C7E9 /* Info.plist */,
				87933ABF219BC66B00F3C7E9 /* QuakeReport.xcdatamodeld */,
			);
			path = QuakeReport;
			sourceTree = "<group>";
		};
/* End PBXGroup section */

/* Begin PBXNativeTarget section */
		87933AB4219BC66A00F3C7E9 /* QuakeReport */ = {
			isa = PBXNativeTarget;
			buildConfigurationList = 87933ACA219BC66D00F3C7E9 /* Build configuration list for PBXNativeTarget "QuakeReport" */;
			buildPhases = (
				87933AB1219BC66A00F3C7E9 /* Sources */,
				87933AB2219BC66A00F3C7E9 /* Frameworks */,
				87933AB3219BC66A00F3C7E9 /* Resources */,
			);
			buildRules = (
			);
			dependencies = (
			);
			name = QuakeReport;
			productName = QuakeReport;
			productReference = 87933AB5219BC66A00F3C7E9 /* QuakeReport.app */;
			productType = "com.apple.product-type.application";
		};
/* End PBXNativeTarget section */

/* Begin PBXProject section */
		87933AAD219BC66A00F3C7E9 /* Project object */ = {
			isa = PBXProject;
			attributes = {
				LastSwiftUpdateCheck = 0940;
				LastUpgradeCheck = 0940;
				ORGANIZATIONNAME = Trung;
				TargetAttributes = {
					87933AB4219BC66A00F3C7E9 = {
						CreatedOnToolsVersion = 9.4.1;
					};
				};
			};
			buildConfigurationList = 87933AB0219BC66A00F3C7E9 /* Build configuration list for PBXProject "QuakeReport" */;
			compatibilityVersion = "Xcode 9.3";
			developmentRegion = en;
			hasScannedForEncodings = 0;
			knownRegions = (
				en,
				Base,
			);
			mainGroup = 87933AAC219BC66A00F3C7E9;
			productRefGroup = 87933AB6219BC66A00F3C7E9 /* Products */;
			projectDirPath = "";
			projectRoot = "";
			targets = (
				87933AB4219BC66A00F3C7E9 /* QuakeReport */,
			);
		};
/* End PBXProject section */

/* Begin PBXResourcesBuildPhase section */
		87933AB3219BC66A00F3C7E9 /* Resources */ = {
			isa = PBXResourcesBuildPhase;
			buildActionMask = 2147483647;
			files = (
				87933AC6219BC66D00F3C7E9 /* LaunchScreen.storyboard in Resources */,
				87933AC3219BC66D00F3C7E9 /* Assets.xcassets in Resources */,
				87933ABE219BC66B00F3C7E9 /* Main.storyboard in Resources */,
			);
			runOnlyForDeploymentPostprocessing = 0;
		};
/* End PBXResourcesBuildPhase section */

/* Begin PBXSourcesBuildPhase section */
		87933AB1219BC66A00F3C7E9 /* Sources */ = {
			isa = PBXSourcesBuildPhase;
			buildActionMask = 2147483647;
			files = (
				87026A8721A2F22600943E44 /* TableViewCell.swift in Sources */,
				87933AC1219BC66B00F3C7E9 /* QuakeReport.xcdatamodeld in Sources */,
				877978EC21B49EBB002113B4 /* Reachability.swift in Sources */,
				87933AD0219BCB8200F3C7E9 /* DataModel.swift in Sources */,
				877293B921A50ECB004E487A /* DataServices.swift in Sources */,
				87B3B7A621ACE04C00768D0A /* DetailTableViewController.swift in Sources */,
				8783045D21A7A673009841C3 /* WebViewController.swift in Sources */,
				87933AB9219BC66B00F3C7E9 /* AppDelegate.swift in Sources */,
				87933ACE219BC6FC00F3C7E9 /* TableViewController.swift in Sources */,
			);
			runOnlyForDeploymentPostprocessing = 0;
		};
/* End PBXSourcesBuildPhase section */

/* Begin PBXVariantGroup section */
		87933ABC219BC66B00F3C7E9 /* Main.storyboard */ = {
			isa = PBXVariantGroup;
			children = (
				87933ABD219BC66B00F3C7E9 /* Base */,
			);
			name = Main.storyboard;
			sourceTree = "<group>";
		};
		87933AC4219BC66D00F3C7E9 /* LaunchScreen.storyboard */ = {
			isa = PBXVariantGroup;
			children = (
				87933AC5219BC66D00F3C7E9 /* Base */,
			);
			name = LaunchScreen.storyboard;
			sourceTree = "<group>";
		};
/* End PBXVariantGroup section */

/* Begin XCBuildConfiguration section */
		87933AC8219BC66D00F3C7E9 /* Debug */ = {
			isa = XCBuildConfiguration;
			buildSettings = {
				ALWAYS_SEARCH_USER_PATHS = NO;
				CLANG_ANALYZER_NONNULL = YES;
				CLANG_ANALYZER_NUMBER_OBJECT_CONVERSION = YES_AGGRESSIVE;
				CLANG_CXX_LANGUAGE_STANDARD = "gnu++14";
				CLANG_CXX_LIBRARY = "libc++";
				CLANG_ENABLE_MODULES = YES;
				CLANG_ENABLE_OBJC_ARC = YES;
				CLANG_ENABLE_OBJC_WEAK = YES;
				CLANG_WARN_BLOCK_CAPTURE_AUTORELEASING = YES;
				CLANG_WARN_BOOL_CONVERSION = YES;
				CLANG_WARN_COMMA = YES;
				CLANG_WARN_CONSTANT_CONVERSION = YES;
				CLANG_WARN_DEPRECATED_OBJC_IMPLEMENTATIONS = YES;
				CLANG_WARN_DIRECT_OBJC_ISA_USAGE = YES_ERROR;
				CLANG_WARN_DOCUMENTATION_COMMENTS = YES;
				CLANG_WARN_EMPTY_BODY = YES;
				CLANG_WARN_ENUM_CONVERSION = YES;
				CLANG_WARN_INFINITE_RECURSION = YES;
				CLANG_WARN_INT_CONVERSION = YES;
				CLANG_WARN_NON_LITERAL_NULL_CONVERSION = YES;
				CLANG_WARN_OBJC_IMPLICIT_RETAIN_SELF = YES;
				CLANG_WARN_OBJC_LITERAL_CONVERSION = YES;
				CLANG_WARN_OBJC_ROOT_CLASS = YES_ERROR;
				CLANG_WARN_RANGE_LOOP_ANALYSIS = YES;
				CLANG_WARN_STRICT_PROTOTYPES = YES;
				CLANG_WARN_SUSPICIOUS_MOVE = YES;
				CLANG_WARN_UNGUARDED_AVAILABILITY = YES_AGGRESSIVE;
				CLANG_WARN_UNREACHABLE_CODE = YES;
				CLANG_WARN__DUPLICATE_METHOD_MATCH = YES;
				CODE_SIGN_IDENTITY = "iPhone Developer";
				COPY_PHASE_STRIP = NO;
				DEBUG_INFORMATION_FORMAT = dwarf;
				ENABLE_STRICT_OBJC_MSGSEND = YES;
				ENABLE_TESTABILITY = YES;
				GCC_C_LANGUAGE_STANDARD = gnu11;
				GCC_DYNAMIC_NO_PIC = NO;
				GCC_NO_COMMON_BLOCKS = YES;
				GCC_OPTIMIZATION_LEVEL = 0;
				GCC_PREPROCESSOR_DEFINITIONS = (
					"DEBUG=1",
					"$(inherited)",
				);
				GCC_WARN_64_TO_32_BIT_CONVERSION = YES;
				GCC_WARN_ABOUT_RETURN_TYPE = YES_ERROR;
				GCC_WARN_UNDECLARED_SELECTOR = YES;
				GCC_WARN_UNINITIALIZED_AUTOS = YES_AGGRESSIVE;
				GCC_WARN_UNUSED_FUNCTION = YES;
				GCC_WARN_UNUSED_VARIABLE = YES;
				IPHONEOS_DEPLOYMENT_TARGET = 11.4;
				MTL_ENABLE_DEBUG_INFO = YES;
				ONLY_ACTIVE_ARCH = YES;
				SDKROOT = iphoneos;
				SWIFT_ACTIVE_COMPILATION_CONDITIONS = DEBUG;
				SWIFT_OPTIMIZATION_LEVEL = "-Onone";
			};
			name = Debug;
		};
		87933AC9219BC66D00F3C7E9 /* Release */ = {
			isa = XCBuildConfiguration;
			buildSettings = {
				ALWAYS_SEARCH_USER_PATHS = NO;
				CLANG_ANALYZER_NONNULL = YES;
				CLANG_ANALYZER_NUMBER_OBJECT_CONVERSION = YES_AGGRESSIVE;
				CLANG_CXX_LANGUAGE_STANDARD = "gnu++14";
				CLANG_CXX_LIBRARY = "libc++";
				CLANG_ENABLE_MODULES = YES;
				CLANG_ENABLE_OBJC_ARC = YES;
				CLANG_ENABLE_OBJC_WEAK = YES;
				CLANG_WARN_BLOCK_CAPTURE_AUTORELEASING = YES;
				CLANG_WARN_BOOL_CONVERSION = YES;
				CLANG_WARN_COMMA = YES;
				CLANG_WARN_CONSTANT_CONVERSION = YES;
				CLANG_WARN_DEPRECATED_OBJC_IMPLEMENTATIONS = YES;
				CLANG_WARN_DIRECT_OBJC_ISA_USAGE = YES_ERROR;
				CLANG_WARN_DOCUMENTATION_COMMENTS = YES;
				CLANG_WARN_EMPTY_BODY = YES;
				CLANG_WARN_ENUM_CONVERSION = YES;
				CLANG_WARN_INFINITE_RECURSION = YES;
				CLANG_WARN_INT_CONVERSION = YES;
				CLANG_WARN_NON_LITERAL_NULL_CONVERSION = YES;
				CLANG_WARN_OBJC_IMPLICIT_RETAIN_SELF = YES;
				CLANG_WARN_OBJC_LITERAL_CONVERSION = YES;
				CLANG_WARN_OBJC_ROOT_CLASS = YES_ERROR;
				CLANG_WARN_RANGE_LOOP_ANALYSIS = YES;
				CLANG_WARN_STRICT_PROTOTYPES = YES;
				CLANG_WARN_SUSPICIOUS_MOVE = YES;
				CLANG_WARN_UNGUARDED_AVAILABILITY = YES_AGGRESSIVE;
				CLANG_WARN_UNREACHABLE_CODE = YES;
				CLANG_WARN__DUPLICATE_METHOD_MATCH = YES;
				CODE_SIGN_IDENTITY = "iPhone Developer";
				COPY_PHASE_STRIP = NO;
				DEBUG_INFORMATION_FORMAT = "dwarf-with-dsym";
				ENABLE_NS_ASSERTIONS = NO;
				ENABLE_STRICT_OBJC_MSGSEND = YES;
				GCC_C_LANGUAGE_STANDARD = gnu11;
				GCC_NO_COMMON_BLOCKS = YES;
				GCC_WARN_64_TO_32_BIT_CONVERSION = YES;
				GCC_WARN_ABOUT_RETURN_TYPE = YES_ERROR;
				GCC_WARN_UNDECLARED_SELECTOR = YES;
				GCC_WARN_UNINITIALIZED_AUTOS = YES_AGGRESSIVE;
				GCC_WARN_UNUSED_FUNCTION = YES;
				GCC_WARN_UNUSED_VARIABLE = YES;
				IPHONEOS_DEPLOYMENT_TARGET = 11.4;
				MTL_ENABLE_DEBUG_INFO = NO;
				SDKROOT = iphoneos;
				SWIFT_COMPILATION_MODE = wholemodule;
				SWIFT_OPTIMIZATION_LEVEL = "-O";
				VALIDATE_PRODUCT = YES;
			};
			name = Release;
		};
		87933ACB219BC66D00F3C7E9 /* Debug */ = {
			isa = XCBuildConfiguration;
			buildSettings = {
				ASSETCATALOG_COMPILER_APPICON_NAME = AppIcon;
				CODE_SIGN_STYLE = Automatic;
				INFOPLIST_FILE = QuakeReport/Info.plist;
				LD_RUNPATH_SEARCH_PATHS = (
					"$(inherited)",
					"@executable_path/Frameworks",
				);
				PRODUCT_BUNDLE_IDENTIFIER = TrungCatun.QuakeReport;
				PRODUCT_NAME = "$(TARGET_NAME)";
				SWIFT_VERSION = 4.0;
				TARGETED_DEVICE_FAMILY = "1,2";
			};
			name = Debug;
		};
		87933ACC219BC66D00F3C7E9 /* Release */ = {
			isa = XCBuildConfiguration;
			buildSettings = {
				ASSETCATALOG_COMPILER_APPICON_NAME = AppIcon;
				CODE_SIGN_STYLE = Automatic;
				INFOPLIST_FILE = QuakeReport/Info.plist;
				LD_RUNPATH_SEARCH_PATHS = (
					"$(inherited)",
					"@executable_path/Frameworks",
				);
				PRODUCT_BUNDLE_IDENTIFIER = TrungCatun.QuakeReport;
				PRODUCT_NAME = "$(TARGET_NAME)";
				SWIFT_VERSION = 4.0;
				TARGETED_DEVICE_FAMILY = "1,2";
			};
			name = Release;
		};
/* End XCBuildConfiguration section */

/* Begin XCConfigurationList section */
		87933AB0219BC66A00F3C7E9 /* Build configuration list for PBXProject "QuakeReport" */ = {
			isa = XCConfigurationList;
			buildConfigurations = (
				87933AC8219BC66D00F3C7E9 /* Debug */,
				87933AC9219BC66D00F3C7E9 /* Release */,
			);
			defaultConfigurationIsVisible = 0;
			defaultConfigurationName = Release;
		};
		87933ACA219BC66D00F3C7E9 /* Build configuration list for PBXNativeTarget "QuakeReport" */ = {
			isa = XCConfigurationList;
			buildConfigurations = (
				87933ACB219BC66D00F3C7E9 /* Debug */,
				87933ACC219BC66D00F3C7E9 /* Release */,
			);
			defaultConfigurationIsVisible = 0;
			defaultConfigurationName = Release;
		};
/* End XCConfigurationList section */

/* Begin XCVersionGroup section */
		87933ABF219BC66B00F3C7E9 /* QuakeReport.xcdatamodeld */ = {
			isa = XCVersionGroup;
			children = (
				87933AC0219BC66B00F3C7E9 /* QuakeReport.xcdatamodel */,
			);
			currentVersion = 87933AC0219BC66B00F3C7E9 /* QuakeReport.xcdatamodel */;
			path = QuakeReport.xcdatamodeld;
			sourceTree = "<group>";
			versionGroupType = wrapper.xcdatamodel;
		};
/* End XCVersionGroup section */
	};
	rootObject = 87933AAD219BC66A00F3C7E9 /* Project object */;
}
